{
  "originHash" : "065ce84b2585527c08d0f970a3ab512ba64ea6e4e312bf3dc95571318b2e858a",
  "pins" : [
    {
      "identity" : "confettiswiftui",
      "kind" : "remoteSourceControl",
      "location" : "https://github.com/simibac/ConfettiSwiftUI.git",
      "state" : {
        "revision" : "79666d42b882bf7921b1941fa7c636d681d77980",
        "version" : "2.0.3"
      }
    },
    {
      "identity" : "kamaalswift",
      "kind" : "remoteSourceControl",
      "location" : "https://github.com/Kamaalio/KamaalSwift.git",
      "state" : {
        "revision" : "9f2a154b06c05021b490c4262f7d0937bb94dee3",
        "version" : "3.5.0"
      }
    }
  ],
  "version" : 3
}
