{
  "originHash" : "1e22465355150ac27f38a1b6aaf47c195f5bb1ec15bd17a5d593924cab5ce28e",
  "pins" : [
    {
      "identity" : "confettiswiftui",
      "kind" : "remoteSourceControl",
      "location" : "https://github.com/simibac/ConfettiSwiftUI.git",
      "state" : {
        "revision" : "79666d42b882bf7921b1941fa7c636d681d77980",
        "version" : "2.0.3"
      }
    },
    {
      "identity" : "kamaalswift",
      "kind" : "remoteSourceControl",
      "location" : "https://github.com/Kamaalio/KamaalSwift.git",
      "state" : {
        "revision" : "9f2a154b06c05021b490c4262f7d0937bb94dee3",
        "version" : "3.5.0"
      }
    }
  ],
  "version" : 3
}
